Microsoft Visual Studio Solution File, Format Version 12.00
# Visual Studio Version 17
VisualStudioVersion = 17.0.31611.283
MinimumVisualStudioVersion = 10.0.40219.1
Project("{9A19103F-16F7-4668-BE54-9A1E7A4F7556}") = "EasyWord", "EasyWord\EasyWord.csproj", "{9B6978FF-7C2F-4585-BC95-C3423FDE5644}"
EndProject
Project("{FAE04EC0-301F-11D3-BF4B-00C04F79EFBC}") = "EasyWord.Web", "EasyWord.Web\EasyWord.Web.csproj", "{F7B1C30B-B4E1-410E-8244-00329FE2217D}"
EndProject
Project("{FAE04EC0-301F-11D3-BF4B-00C04F79EFBC}") = "EasyWord.Library", "EasyWord.Library\EasyWord.Library.csproj", "{1B321A04-3F03-4887-B83A-423E59BF305D}"
EndProject
Project("{FAE04EC0-301F-11D3-BF4B-00C04F79EFBC}") = "EasyWord.Test", "EasyWord.Test\EasyWord.Test.csproj", "{6B2BC83D-8258-48C1-88B0-821941416428}"
EndProject
Global
	GlobalSection(SolutionConfigurationPlatforms) = preSolution
		Debug|Any CPU = Debug|Any CPU
		Release|Any CPU = Release|Any CPU
	EndGlobalSection
	GlobalSection(ProjectConfigurationPlatforms) = postSolution
		{9B6978FF-7C2F-4585-BC95-C3423FDE5644}.Debug|Any CPU.ActiveCfg = Debug|Any CPU
		{9B6978FF-7C2F-4585-BC95-C3423FDE5644}.Debug|Any CPU.Build.0 = Debug|Any CPU
		{9B6978FF-7C2F-4585-BC95-C3423FDE5644}.Debug|Any CPU.Deploy.0 = Debug|Any CPU
		{9B6978FF-7C2F-4585-BC95-C3423FDE5644}.Release|Any CPU.ActiveCfg = Release|Any CPU
		{9B6978FF-7C2F-4585-BC95-C3423FDE5644}.Release|Any CPU.Build.0 = Release|Any CPU
		{9B6978FF-7C2F-4585-BC95-C3423FDE5644}.Release|Any CPU.Deploy.0 = Release|Any CPU
		{F7B1C30B-B4E1-410E-8244-00329FE2217D}.Debug|Any CPU.ActiveCfg = Debug|Any CPU
		{F7B1C30B-B4E1-410E-8244-00329FE2217D}.Debug|Any CPU.Build.0 = Debug|Any CPU
		{F7B1C30B-B4E1-410E-8244-00329FE2217D}.Release|Any CPU.ActiveCfg = Release|Any CPU
		{F7B1C30B-B4E1-410E-8244-00329FE2217D}.Release|Any CPU.Build.0 = Release|Any CPU
		{1B321A04-3F03-4887-B83A-423E59BF305D}.Debug|Any CPU.ActiveCfg = Debug|Any CPU
		{1B321A04-3F03-4887-B83A-423E59BF305D}.Debug|Any CPU.Build.0 = Debug|Any CPU
		{1B321A04-3F03-4887-B83A-423E59BF305D}.Release|Any CPU.ActiveCfg = Release|Any CPU
		{1B321A04-3F03-4887-B83A-423E59BF305D}.Release|Any CPU.Build.0 = Release|Any CPU
		{6B2BC83D-8258-48C1-88B0-821941416428}.Debug|Any CPU.ActiveCfg = Debug|Any CPU
		{6B2BC83D-8258-48C1-88B0-821941416428}.Debug|Any CPU.Build.0 = Debug|Any CPU
		{6B2BC83D-8258-48C1-88B0-821941416428}.Release|Any CPU.ActiveCfg = Release|Any CPU
		{6B2BC83D-8258-48C1-88B0-821941416428}.Release|Any CPU.Build.0 = Release|Any CPU
	EndGlobalSection
	GlobalSection(SolutionProperties) = preSolution
		HideSolutionNode = FALSE
	EndGlobalSection
	GlobalSection(ExtensibilityGlobals) = postSolution
		        SolutionGuid = {61F7FB11-1E47-470C-91E2-47F8143E1572}
		SolutionGuid = {B7D35BA8-D879-45B5-8E96-0D4B2429E6CC}
	EndGlobalSection
EndGlobal
